
Microsoft Visual Studio Solution File, Format Version 12.00
# Visual Studio Version 16
VisualStudioVersion = 16.0.33214.272
MinimumVisualStudioVersion = 10.0.40219.1
Project("{FAE04EC0-301F-11D3-BF4B-00C04F79EFBC}") = "STIRPARO", "STIRPARO\STIRPARO.csproj", "{EB8B0C42-4129-418E-861D-D5A629C9BEC1}"
EndProject
Global
	GlobalSection(SolutionConfigurationPlatforms) = preSolution
		Debug|Any CPU = Debug|Any CPU
		Release|Any CPU = Release|Any CPU
	EndGlobalSection
	GlobalSection(ProjectConfigurationPlatforms) = postSolution
		{EB8B0C42-4129-418E-861D-D5A629C9BEC1}.Debug|Any CPU.ActiveCfg = Debug|Any CPU
		{EB8B0C42-4129-418E-861D-D5A629C9BEC1}.Debug|Any CPU.Build.0 = Debug|Any CPU
		{EB8B0C42-4129-418E-861D-D5A629C9BEC1}.Release|Any CPU.ActiveCfg = Release|Any CPU
		{EB8B0C42-4129-418E-861D-D5A629C9BEC1}.Release|Any CPU.Build.0 = Release|Any CPU
	EndGlobalSection
	GlobalSection(SolutionProperties) = preSolution
		HideSolutionNode = FALSE
	EndGlobalSection
	GlobalSection(ExtensibilityGlobals) = postSolution
		SolutionGuid = {0DFAA887-93E8-4439-B587-0949F0815F6E}
	EndGlobalSection
EndGlobal
